
Microsoft Visual Studio Solution File, Format Version 12.00
# Visual Studio Version 16
VisualStudioVersion = 16.0.29728.190
MinimumVisualStudioVersion = 10.0.40219.1
Project("{FAE04EC0-301F-11D3-BF4B-00C04F79EFBC}") = "SnoozleDemos", "SnoozleDemos\SnoozleDemos.csproj", "{3E857D9A-192D-437C-B441-4F4AD9951B34}"
EndProject
Global
	GlobalSection(SolutionConfigurationPlatforms) = preSolution
		Debug|Any CPU = Debug|Any CPU
		Release|Any CPU = Release|Any CPU
	EndGlobalSection
	GlobalSection(ProjectConfigurationPlatforms) = postSolution
		{3E857D9A-192D-437C-B441-4F4AD9951B34}.Debug|Any CPU.ActiveCfg = Debug|Any CPU
		{3E857D9A-192D-437C-B441-4F4AD9951B34}.Debug|Any CPU.Build.0 = Debug|Any CPU
		{3E857D9A-192D-437C-B441-4F4AD9951B34}.Release|Any CPU.ActiveCfg = Release|Any CPU
		{3E857D9A-192D-437C-B441-4F4AD9951B34}.Release|Any CPU.Build.0 = Release|Any CPU
	EndGlobalSection
	GlobalSection(SolutionProperties) = preSolution
		HideSolutionNode = FALSE
	EndGlobalSection
	GlobalSection(ExtensibilityGlobals) = postSolution
		SolutionGuid = {F8E5DEEE-2F1E-43B3-93F1-F5FB777EFF2E}
	EndGlobalSection
EndGlobal
